
Microsoft Visual Studio Solution File, Format Version 12.00
# Visual Studio Version 16
VisualStudioVersion = 16.0.30717.126
MinimumVisualStudioVersion = 10.0.40219.1
Project("{8BC9CEB8-8B4A-11D0-8D11-00A0C91BC942}") = "ClassWork_STLVectors", "ClassWork_STLVectors\ClassWork_STLVectors.vcxproj", "{31DA5D61-3BBF-472C-82C6-7A9D7E7EBF80}"
EndProject
Global
	GlobalSection(SolutionConfigurationPlatforms) = preSolution
		Debug|x64 = Debug|x64
		Debug|x86 = Debug|x86
		Release|x64 = Release|x64
		Release|x86 = Release|x86
	EndGlobalSection
	GlobalSection(ProjectConfigurationPlatforms) = postSolution
		{31DA5D61-3BBF-472C-82C6-7A9D7E7EBF80}.Debug|x64.ActiveCfg = Debug|x64
		{31DA5D61-3BBF-472C-82C6-7A9D7E7EBF80}.Debug|x64.Build.0 = Debug|x64
		{31DA5D61-3BBF-472C-82C6-7A9D7E7EBF80}.Debug|x86.ActiveCfg = Debug|Win32
		{31DA5D61-3BBF-472C-82C6-7A9D7E7EBF80}.Debug|x86.Build.0 = Debug|Win32
		{31DA5D61-3BBF-472C-82C6-7A9D7E7EBF80}.Release|x64.ActiveCfg = Release|x64
		{31DA5D61-3BBF-472C-82C6-7A9D7E7EBF80}.Release|x64.Build.0 = Release|x64
		{31DA5D61-3BBF-472C-82C6-7A9D7E7EBF80}.Release|x86.ActiveCfg = Release|Win32
		{31DA5D61-3BBF-472C-82C6-7A9D7E7EBF80}.Release|x86.Build.0 = Release|Win32
	EndGlobalSection
	GlobalSection(SolutionProperties) = preSolution
		HideSolutionNode = FALSE
	EndGlobalSection
	GlobalSection(ExtensibilityGlobals) = postSolution
		SolutionGuid = {22617360-75BE-4164-B834-BF4DEC451846}
	EndGlobalSection
EndGlobal
